
Microsoft Visual Studio Solution File, Format Version 12.00
# Visual Studio Version 17
VisualStudioVersion = 17.9.34607.119
MinimumVisualStudioVersion = 10.0.40219.1
Project("{2150E333-8FDC-42A3-9474-1A3956D46DE8}") = "FileFormats", "FileFormats", "{4D4111CD-9463-5B17-5713-22238527CC1A}"
EndProject
Project("{FAE04EC0-301F-11D3-BF4B-00C04F79EFBC}") = "FAForever.FileFormats.Lua", "src\FAForever.FileFormats.Lua\FAForever.FileFormats.Lua.csproj", "{F82022B3-848A-4AAE-B5EF-B9E60661A52F}"
EndProject
Project("{FAE04EC0-301F-11D3-BF4B-00C04F79EFBC}") = "FAForever.FileFormats.Blueprints", "src\FAForever.FileFormats.Blueprints\FAForever.FileFormats.Blueprints.csproj", "{99D04038-28E2-4FD3-9E96-004366AC299D}"
EndProject
Project("{FAE04EC0-301F-11D3-BF4B-00C04F79EFBC}") = "FAForever.FileFormats.Replay", "src\FAForever.FileFormats.Replay\FAForever.FileFormats.Replay.csproj", "{04BBF786-D696-49B2-9B07-A2A2BC051534}"
EndProject
Project("{FAE04EC0-301F-11D3-BF4B-00C04F79EFBC}") = "FAForever.FileFormats.Lua.Tests", "tests\FAForever.FileFormats.Lua.Tests\FAForever.FileFormats.Lua.Tests.csproj", "{93801CF5-D979-449A-BC88-197550304944}"
EndProject
Project("{FAE04EC0-301F-11D3-BF4B-00C04F79EFBC}") = "FAForever.FileFormats.Blueprints.Tests", "tests\FAForever.FileFormats.Blueprints.Tests\FAForever.FileFormats.Blueprints.Tests.csproj", "{43B7DBEE-CB22-4B71-BB4D-BF8D8B3B6206}"
EndProject
Project("{FAE04EC0-301F-11D3-BF4B-00C04F79EFBC}") = "FAForever.FileFormats.Replay.Tests", "tests\FAForever.FileFormats.Replay.Tests\FAForever.FileFormats.Replay.Tests.csproj", "{E929FDD4-69B3-47A5-ABF4-F8F3C973DC57}"
EndProject
Project("{FAE04EC0-301F-11D3-BF4B-00C04F79EFBC}") = "FAForever.FileFormats.Replay.Benchmarks", "benchmarks\FAForever.FileFormats.Replay.Benchmarks\FAForever.FileFormats.Replay.Benchmarks.csproj", "{1BEB1AB3-44C8-4A8D-ABED-11EAA69F61F8}"
EndProject
Project("{FAE04EC0-301F-11D3-BF4B-00C04F79EFBC}") = "FAForever.FileFormats.Replay.Sandbox", "sandbox\FAForever.FileFormats.Replay.Sandbox\FAForever.FileFormats.Replay.Sandbox.csproj", "{6E524279-6607-43CC-B1C7-8B0401BB3411}"
EndProject
Project("{2150E333-8FDC-42A3-9474-1A3956D46DE8}") = "Vault", "Vault", "{CFA0B671-DAC6-C5A8-FCBE-B02843C96E23}"
EndProject
Project("{FAE04EC0-301F-11D3-BF4B-00C04F79EFBC}") = "FAForever.Vault.Viewer", "src\FAForever.Vault.Viewer\FAForever.Vault.Viewer.csproj", "{1FAB4C73-7760-4CAD-A993-B02CA21F2A17}"
EndProject
Project("{FAE04EC0-301F-11D3-BF4B-00C04F79EFBC}") = "FAForever.Vault.Server", "src\FAForever.Vault.Server\FAForever.Vault.Server.csproj", "{345B613A-6658-411D-A7B1-3887A3ABC0EB}"
EndProject
Global
	GlobalSection(SolutionConfigurationPlatforms) = preSolution
		Debug|Any CPU = Debug|Any CPU
		Debug|x64 = Debug|x64
		Debug|x86 = Debug|x86
		Release|Any CPU = Release|Any CPU
		Release|x64 = Release|x64
		Release|x86 = Release|x86
	EndGlobalSection
	GlobalSection(ProjectConfigurationPlatforms) = postSolution
		{F82022B3-848A-4AAE-B5EF-B9E60661A52F}.Debug|Any CPU.ActiveCfg = Debug|Any CPU
		{F82022B3-848A-4AAE-B5EF-B9E60661A52F}.Debug|Any CPU.Build.0 = Debug|Any CPU
		{F82022B3-848A-4AAE-B5EF-B9E60661A52F}.Debug|x64.ActiveCfg = Debug|Any CPU
		{F82022B3-848A-4AAE-B5EF-B9E60661A52F}.Debug|x64.Build.0 = Debug|Any CPU
		{F82022B3-848A-4AAE-B5EF-B9E60661A52F}.Debug|x86.ActiveCfg = Debug|Any CPU
		{F82022B3-848A-4AAE-B5EF-B9E60661A52F}.Debug|x86.Build.0 = Debug|Any CPU
		{F82022B3-848A-4AAE-B5EF-B9E60661A52F}.Release|Any CPU.ActiveCfg = Release|Any CPU
		{F82022B3-848A-4AAE-B5EF-B9E60661A52F}.Release|Any CPU.Build.0 = Release|Any CPU
		{F82022B3-848A-4AAE-B5EF-B9E60661A52F}.Release|x64.ActiveCfg = Release|Any CPU
		{F82022B3-848A-4AAE-B5EF-B9E60661A52F}.Release|x64.Build.0 = Release|Any CPU
		{F82022B3-848A-4AAE-B5EF-B9E60661A52F}.Release|x86.ActiveCfg = Release|Any CPU
		{F82022B3-848A-4AAE-B5EF-B9E60661A52F}.Release|x86.Build.0 = Release|Any CPU
		{99D04038-28E2-4FD3-9E96-004366AC299D}.Debug|Any CPU.ActiveCfg = Debug|Any CPU
		{99D04038-28E2-4FD3-9E96-004366AC299D}.Debug|Any CPU.Build.0 = Debug|Any CPU
		{99D04038-28E2-4FD3-9E96-004366AC299D}.Debug|x64.ActiveCfg = Debug|Any CPU
		{99D04038-28E2-4FD3-9E96-004366AC299D}.Debug|x64.Build.0 = Debug|Any CPU
		{99D04038-28E2-4FD3-9E96-004366AC299D}.Debug|x86.ActiveCfg = Debug|Any CPU
		{99D04038-28E2-4FD3-9E96-004366AC299D}.Debug|x86.Build.0 = Debug|Any CPU
		{99D04038-28E2-4FD3-9E96-004366AC299D}.Release|Any CPU.ActiveCfg = Release|Any CPU
		{99D04038-28E2-4FD3-9E96-004366AC299D}.Release|Any CPU.Build.0 = Release|Any CPU
		{99D04038-28E2-4FD3-9E96-004366AC299D}.Release|x64.ActiveCfg = Release|Any CPU
		{99D04038-28E2-4FD3-9E96-004366AC299D}.Release|x64.Build.0 = Release|Any CPU
		{99D04038-28E2-4FD3-9E96-004366AC299D}.Release|x86.ActiveCfg = Release|Any CPU
		{99D04038-28E2-4FD3-9E96-004366AC299D}.Release|x86.Build.0 = Release|Any CPU
		{04BBF786-D696-49B2-9B07-A2A2BC051534}.Debug|Any CPU.ActiveCfg = Debug|Any CPU
		{04BBF786-D696-49B2-9B07-A2A2BC051534}.Debug|Any CPU.Build.0 = Debug|Any CPU
		{04BBF786-D696-49B2-9B07-A2A2BC051534}.Debug|x64.ActiveCfg = Debug|Any CPU
		{04BBF786-D696-49B2-9B07-A2A2BC051534}.Debug|x64.Build.0 = Debug|Any CPU
		{04BBF786-D696-49B2-9B07-A2A2BC051534}.Debug|x86.ActiveCfg = Debug|Any CPU
		{04BBF786-D696-49B2-9B07-A2A2BC051534}.Debug|x86.Build.0 = Debug|Any CPU
		{04BBF786-D696-49B2-9B07-A2A2BC051534}.Release|Any CPU.ActiveCfg = Release|Any CPU
		{04BBF786-D696-49B2-9B07-A2A2BC051534}.Release|Any CPU.Build.0 = Release|Any CPU
		{04BBF786-D696-49B2-9B07-A2A2BC051534}.Release|x64.ActiveCfg = Release|Any CPU
		{04BBF786-D696-49B2-9B07-A2A2BC051534}.Release|x64.Build.0 = Release|Any CPU
		{04BBF786-D696-49B2-9B07-A2A2BC051534}.Release|x86.ActiveCfg = Release|Any CPU
		{04BBF786-D696-49B2-9B07-A2A2BC051534}.Release|x86.Build.0 = Release|Any CPU
		{93801CF5-D979-449A-BC88-197550304944}.Debug|Any CPU.ActiveCfg = Debug|Any CPU
		{93801CF5-D979-449A-BC88-197550304944}.Debug|Any CPU.Build.0 = Debug|Any CPU
		{93801CF5-D979-449A-BC88-197550304944}.Debug|x64.ActiveCfg = Debug|Any CPU
		{93801CF5-D979-449A-BC88-197550304944}.Debug|x64.Build.0 = Debug|Any CPU
		{93801CF5-D979-449A-BC88-197550304944}.Debug|x86.ActiveCfg = Debug|Any CPU
		{93801CF5-D979-449A-BC88-197550304944}.Debug|x86.Build.0 = Debug|Any CPU
		{93801CF5-D979-449A-BC88-197550304944}.Release|Any CPU.ActiveCfg = Release|Any CPU
		{93801CF5-D979-449A-BC88-197550304944}.Release|Any CPU.Build.0 = Release|Any CPU
		{93801CF5-D979-449A-BC88-197550304944}.Release|x64.ActiveCfg = Release|Any CPU
		{93801CF5-D979-449A-BC88-197550304944}.Release|x64.Build.0 = Release|Any CPU
		{93801CF5-D979-449A-BC88-197550304944}.Release|x86.ActiveCfg = Release|Any CPU
		{93801CF5-D979-449A-BC88-197550304944}.Release|x86.Build.0 = Release|Any CPU
		{43B7DBEE-CB22-4B71-BB4D-BF8D8B3B6206}.Debug|Any CPU.ActiveCfg = Debug|Any CPU
		{43B7DBEE-CB22-4B71-BB4D-BF8D8B3B6206}.Debug|Any CPU.Build.0 = Debug|Any CPU
		{43B7DBEE-CB22-4B71-BB4D-BF8D8B3B6206}.Debug|x64.ActiveCfg = Debug|Any CPU
		{43B7DBEE-CB22-4B71-BB4D-BF8D8B3B6206}.Debug|x64.Build.0 = Debug|Any CPU
		{43B7DBEE-CB22-4B71-BB4D-BF8D8B3B6206}.Debug|x86.ActiveCfg = Debug|Any CPU
		{43B7DBEE-CB22-4B71-BB4D-BF8D8B3B6206}.Debug|x86.Build.0 = Debug|Any CPU
		{43B7DBEE-CB22-4B71-BB4D-BF8D8B3B6206}.Release|Any CPU.ActiveCfg = Release|Any CPU
		{43B7DBEE-CB22-4B71-BB4D-BF8D8B3B6206}.Release|Any CPU.Build.0 = Release|Any CPU
		{43B7DBEE-CB22-4B71-BB4D-BF8D8B3B6206}.Release|x64.ActiveCfg = Release|Any CPU
		{43B7DBEE-CB22-4B71-BB4D-BF8D8B3B6206}.Release|x64.Build.0 = Release|Any CPU
		{43B7DBEE-CB22-4B71-BB4D-BF8D8B3B6206}.Release|x86.ActiveCfg = Release|Any CPU
		{43B7DBEE-CB22-4B71-BB4D-BF8D8B3B6206}.Release|x86.Build.0 = Release|Any CPU
		{E929FDD4-69B3-47A5-ABF4-F8F3C973DC57}.Debug|Any CPU.ActiveCfg = Debug|Any CPU
		{E929FDD4-69B3-47A5-ABF4-F8F3C973DC57}.Debug|Any CPU.Build.0 = Debug|Any CPU
		{E929FDD4-69B3-47A5-ABF4-F8F3C973DC57}.Debug|x64.ActiveCfg = Debug|Any CPU
		{E929FDD4-69B3-47A5-ABF4-F8F3C973DC57}.Debug|x64.Build.0 = Debug|Any CPU
		{E929FDD4-69B3-47A5-ABF4-F8F3C973DC57}.Debug|x86.ActiveCfg = Debug|Any CPU
		{E929FDD4-69B3-47A5-ABF4-F8F3C973DC57}.Debug|x86.Build.0 = Debug|Any CPU
		{E929FDD4-69B3-47A5-ABF4-F8F3C973DC57}.Release|Any CPU.ActiveCfg = Release|Any CPU
		{E929FDD4-69B3-47A5-ABF4-F8F3C973DC57}.Release|Any CPU.Build.0 = Release|Any CPU
		{E929FDD4-69B3-47A5-ABF4-F8F3C973DC57}.Release|x64.ActiveCfg = Release|Any CPU
		{E929FDD4-69B3-47A5-ABF4-F8F3C973DC57}.Release|x64.Build.0 = Release|Any CPU
		{E929FDD4-69B3-47A5-ABF4-F8F3C973DC57}.Release|x86.ActiveCfg = Release|Any CPU
		{E929FDD4-69B3-47A5-ABF4-F8F3C973DC57}.Release|x86.Build.0 = Release|Any CPU
		{1BEB1AB3-44C8-4A8D-ABED-11EAA69F61F8}.Debug|Any CPU.ActiveCfg = Debug|Any CPU
		{1BEB1AB3-44C8-4A8D-ABED-11EAA69F61F8}.Debug|Any CPU.Build.0 = Debug|Any CPU
		{1BEB1AB3-44C8-4A8D-ABED-11EAA69F61F8}.Debug|x64.ActiveCfg = Debug|Any CPU
		{1BEB1AB3-44C8-4A8D-ABED-11EAA69F61F8}.Debug|x64.Build.0 = Debug|Any CPU
		{1BEB1AB3-44C8-4A8D-ABED-11EAA69F61F8}.Debug|x86.ActiveCfg = Debug|Any CPU
		{1BEB1AB3-44C8-4A8D-ABED-11EAA69F61F8}.Debug|x86.Build.0 = Debug|Any CPU
		{1BEB1AB3-44C8-4A8D-ABED-11EAA69F61F8}.Release|Any CPU.ActiveCfg = Release|Any CPU
		{1BEB1AB3-44C8-4A8D-ABED-11EAA69F61F8}.Release|Any CPU.Build.0 = Release|Any CPU
		{1BEB1AB3-44C8-4A8D-ABED-11EAA69F61F8}.Release|x64.ActiveCfg = Release|Any CPU
		{1BEB1AB3-44C8-4A8D-ABED-11EAA69F61F8}.Release|x64.Build.0 = Release|Any CPU
		{1BEB1AB3-44C8-4A8D-ABED-11EAA69F61F8}.Release|x86.ActiveCfg = Release|Any CPU
		{1BEB1AB3-44C8-4A8D-ABED-11EAA69F61F8}.Release|x86.Build.0 = Release|Any CPU
		{6E524279-6607-43CC-B1C7-8B0401BB3411}.Debug|Any CPU.ActiveCfg = Debug|Any CPU
		{6E524279-6607-43CC-B1C7-8B0401BB3411}.Debug|Any CPU.Build.0 = Debug|Any CPU
		{6E524279-6607-43CC-B1C7-8B0401BB3411}.Debug|x64.ActiveCfg = Debug|Any CPU
		{6E524279-6607-43CC-B1C7-8B0401BB3411}.Debug|x64.Build.0 = Debug|Any CPU
		{6E524279-6607-43CC-B1C7-8B0401BB3411}.Debug|x86.ActiveCfg = Debug|Any CPU
		{6E524279-6607-43CC-B1C7-8B0401BB3411}.Debug|x86.Build.0 = Debug|Any CPU
		{6E524279-6607-43CC-B1C7-8B0401BB3411}.Release|Any CPU.ActiveCfg = Release|Any CPU
		{6E524279-6607-43CC-B1C7-8B0401BB3411}.Release|Any CPU.Build.0 = Release|Any CPU
		{6E524279-6607-43CC-B1C7-8B0401BB3411}.Release|x64.ActiveCfg = Release|Any CPU
		{6E524279-6607-43CC-B1C7-8B0401BB3411}.Release|x64.Build.0 = Release|Any CPU
		{6E524279-6607-43CC-B1C7-8B0401BB3411}.Release|x86.ActiveCfg = Release|Any CPU
		{6E524279-6607-43CC-B1C7-8B0401BB3411}.Release|x86.Build.0 = Release|Any CPU
		{1FAB4C73-7760-4CAD-A993-B02CA21F2A17}.Debug|Any CPU.ActiveCfg = Debug|Any CPU
		{1FAB4C73-7760-4CAD-A993-B02CA21F2A17}.Debug|Any CPU.Build.0 = Debug|Any CPU
		{1FAB4C73-7760-4CAD-A993-B02CA21F2A17}.Debug|x64.ActiveCfg = Debug|Any CPU
		{1FAB4C73-7760-4CAD-A993-B02CA21F2A17}.Debug|x64.Build.0 = Debug|Any CPU
		{1FAB4C73-7760-4CAD-A993-B02CA21F2A17}.Debug|x86.ActiveCfg = Debug|Any CPU
		{1FAB4C73-7760-4CAD-A993-B02CA21F2A17}.Debug|x86.Build.0 = Debug|Any CPU
		{1FAB4C73-7760-4CAD-A993-B02CA21F2A17}.Release|Any CPU.ActiveCfg = Release|Any CPU
		{1FAB4C73-7760-4CAD-A993-B02CA21F2A17}.Release|Any CPU.Build.0 = Release|Any CPU
		{1FAB4C73-7760-4CAD-A993-B02CA21F2A17}.Release|x64.ActiveCfg = Release|Any CPU
		{1FAB4C73-7760-4CAD-A993-B02CA21F2A17}.Release|x64.Build.0 = Release|Any CPU
		{1FAB4C73-7760-4CAD-A993-B02CA21F2A17}.Release|x86.ActiveCfg = Release|Any CPU
		{1FAB4C73-7760-4CAD-A993-B02CA21F2A17}.Release|x86.Build.0 = Release|Any CPU
		{345B613A-6658-411D-A7B1-3887A3ABC0EB}.Debug|Any CPU.ActiveCfg = Debug|Any CPU
		{345B613A-6658-411D-A7B1-3887A3ABC0EB}.Debug|Any CPU.Build.0 = Debug|Any CPU
		{345B613A-6658-411D-A7B1-3887A3ABC0EB}.Debug|x64.ActiveCfg = Debug|Any CPU
		{345B613A-6658-411D-A7B1-3887A3ABC0EB}.Debug|x64.Build.0 = Debug|Any CPU
		{345B613A-6658-411D-A7B1-3887A3ABC0EB}.Debug|x86.ActiveCfg = Debug|Any CPU
		{345B613A-6658-411D-A7B1-3887A3ABC0EB}.Debug|x86.Build.0 = Debug|Any CPU
		{345B613A-6658-411D-A7B1-3887A3ABC0EB}.Release|Any CPU.ActiveCfg = Release|Any CPU
		{345B613A-6658-411D-A7B1-3887A3ABC0EB}.Release|Any CPU.Build.0 = Release|Any CPU
		{345B613A-6658-411D-A7B1-3887A3ABC0EB}.Release|x64.ActiveCfg = Release|Any CPU
		{345B613A-6658-411D-A7B1-3887A3ABC0EB}.Release|x64.Build.0 = Release|Any CPU
		{345B613A-6658-411D-A7B1-3887A3ABC0EB}.Release|x86.ActiveCfg = Release|Any CPU
		{345B613A-6658-411D-A7B1-3887A3ABC0EB}.Release|x86.Build.0 = Release|Any CPU
	EndGlobalSection
	GlobalSection(SolutionProperties) = preSolution
		HideSolutionNode = FALSE
	EndGlobalSection
	GlobalSection(NestedProjects) = preSolution
		{F82022B3-848A-4AAE-B5EF-B9E60661A52F} = {4D4111CD-9463-5B17-5713-22238527CC1A}
		{99D04038-28E2-4FD3-9E96-004366AC299D} = {4D4111CD-9463-5B17-5713-22238527CC1A}
		{04BBF786-D696-49B2-9B07-A2A2BC051534} = {4D4111CD-9463-5B17-5713-22238527CC1A}
		{93801CF5-D979-449A-BC88-197550304944} = {4D4111CD-9463-5B17-5713-22238527CC1A}
		{43B7DBEE-CB22-4B71-BB4D-BF8D8B3B6206} = {4D4111CD-9463-5B17-5713-22238527CC1A}
		{E929FDD4-69B3-47A5-ABF4-F8F3C973DC57} = {4D4111CD-9463-5B17-5713-22238527CC1A}
		{1BEB1AB3-44C8-4A8D-ABED-11EAA69F61F8} = {4D4111CD-9463-5B17-5713-22238527CC1A}
		{6E524279-6607-43CC-B1C7-8B0401BB3411} = {4D4111CD-9463-5B17-5713-22238527CC1A}
		{1FAB4C73-7760-4CAD-A993-B02CA21F2A17} = {CFA0B671-DAC6-C5A8-FCBE-B02843C96E23}
		{345B613A-6658-411D-A7B1-3887A3ABC0EB} = {CFA0B671-DAC6-C5A8-FCBE-B02843C96E23}
	EndGlobalSection
	GlobalSection(ExtensibilityGlobals) = postSolution
		SolutionGuid = {8994C6C6-3746-435D-9AC9-5C526C30650D}
	EndGlobalSection
EndGlobal
